
Microsoft Visual Studio Solution File, Format Version 12.00
# Visual Studio Version 16
VisualStudioVersion = 16.0.30503.244
MinimumVisualStudioVersion = 10.0.40219.1
Project("{FAE04EC0-301F-11D3-BF4B-00C04F79EFBC}") = "GL.Library", "GL.Library\GL.Library.csproj", "{5161E227-F70F-49AA-89B0-78E549FC54A4}"
EndProject
Project("{FAE04EC0-301F-11D3-BF4B-00C04F79EFBC}") = "GL.Library.Repository", "GL.Library.Repository\GL.Library.Repository.csproj", "{441CD139-A60D-4EFB-A874-E6E9E312DDEA}"
EndProject
Global
	GlobalSection(SolutionConfigurationPlatforms) = preSolution
		Debug|Any CPU = Debug|Any CPU
		Release|Any CPU = Release|Any CPU
	EndGlobalSection
	GlobalSection(ProjectConfigurationPlatforms) = postSolution
		{5161E227-F70F-49AA-89B0-78E549FC54A4}.Debug|Any CPU.ActiveCfg = Debug|Any CPU
		{5161E227-F70F-49AA-89B0-78E549FC54A4}.Debug|Any CPU.Build.0 = Debug|Any CPU
		{5161E227-F70F-49AA-89B0-78E549FC54A4}.Release|Any CPU.ActiveCfg = Release|Any CPU
		{5161E227-F70F-49AA-89B0-78E549FC54A4}.Release|Any CPU.Build.0 = Release|Any CPU
		{441CD139-A60D-4EFB-A874-E6E9E312DDEA}.Debug|Any CPU.ActiveCfg = Debug|Any CPU
		{441CD139-A60D-4EFB-A874-E6E9E312DDEA}.Debug|Any CPU.Build.0 = Debug|Any CPU
		{441CD139-A60D-4EFB-A874-E6E9E312DDEA}.Release|Any CPU.ActiveCfg = Release|Any CPU
		{441CD139-A60D-4EFB-A874-E6E9E312DDEA}.Release|Any CPU.Build.0 = Release|Any CPU
	EndGlobalSection
	GlobalSection(SolutionProperties) = preSolution
		HideSolutionNode = FALSE
	EndGlobalSection
	GlobalSection(ExtensibilityGlobals) = postSolution
		SolutionGuid = {65C6DFA2-C94B-446E-82B0-7CCAB81C14DA}
	EndGlobalSection
EndGlobal
